
Microsoft Visual Studio Solution File, Format Version 12.00
# Visual Studio Version 16
VisualStudioVersion = 16.0.29418.71
MinimumVisualStudioVersion = 10.0.40219.1
Project("{9A19103F-16F7-4668-BE54-9A1E7A4F7556}") = "Repa", "Repa.csproj", "{D1D1D5E6-0449-4828-9CE7-9A69A78BC806}"
EndProject
Global
	GlobalSection(SolutionConfigurationPlatforms) = preSolution
		Debug|Any CPU = Debug|Any CPU
		Release|Any CPU = Release|Any CPU
	EndGlobalSection
	GlobalSection(ProjectConfigurationPlatforms) = postSolution
		{D1D1D5E6-0449-4828-9CE7-9A69A78BC806}.Debug|Any CPU.ActiveCfg = Debug|Any CPU
		{D1D1D5E6-0449-4828-9CE7-9A69A78BC806}.Debug|Any CPU.Build.0 = Debug|Any CPU
		{D1D1D5E6-0449-4828-9CE7-9A69A78BC806}.Release|Any CPU.ActiveCfg = Release|Any CPU
		{D1D1D5E6-0449-4828-9CE7-9A69A78BC806}.Release|Any CPU.Build.0 = Release|Any CPU
	EndGlobalSection
	GlobalSection(SolutionProperties) = preSolution
		HideSolutionNode = FALSE
	EndGlobalSection
	GlobalSection(ExtensibilityGlobals) = postSolution
		SolutionGuid = {28D05F5C-253C-42EA-84F7-02CB28E0D3A3}
	EndGlobalSection
EndGlobal
